
Microsoft Visual Studio Solution File, Format Version 12.00
# Visual Studio Version 17
VisualStudioVersion = 17.14.36429.23
MinimumVisualStudioVersion = 10.0.40219.1
Project("{2150E333-8FDC-42A3-9474-1A3956D46DE8}") = "Solution Items", "Solution Items", "{02EA681E-C7D8-13C7-8484-4AC65E1B71E8}"
EndProject
Project("{2150E333-8FDC-42A3-9474-1A3956D46DE8}") = "src", "src", "{BFD5D5CB-94EB-49AC-9245-478C6A3C5E49}"
EndProject
Project("{2150E333-8FDC-42A3-9474-1A3956D46DE8}") = "tests", "tests", "{6AA74435-8A16-432F-ACDE-EE3856E8DFF3}"
EndProject
Project("{FAE04EC0-301F-11D3-BF4B-00C04F79EFBC}") = "WebApp", "src\WebApp\WebApp.csproj", "{AE52C334-3259-4EE2-99A0-859ECE66307F}"
EndProject
Project("{FAE04EC0-301F-11D3-BF4B-00C04F79EFBC}") = "Catalog.API", "src\Catalog.API\Catalog.API.csproj", "{C14C49E7-3D57-F879-AF95-64AB5B0CCA56}"
EndProject
Project("{FAE04EC0-301F-11D3-BF4B-00C04F79EFBC}") = "Identity.API", "src\Identity.API\Identity.API.csproj", "{69903447-5DF6-22E7-90A7-81BEAEF72338}"
EndProject
Project("{FAE04EC0-301F-11D3-BF4B-00C04F79EFBC}") = "EcommerShop.ServiceDefault", "EcommerShop.ServiceDefault\EcommerShop.ServiceDefault.csproj", "{2D2DA6F7-46D5-45D5-AA3A-1342D1CBFB83}"
EndProject
Global
	GlobalSection(SolutionConfigurationPlatforms) = preSolution
		Debug|Any CPU = Debug|Any CPU
		Release|Any CPU = Release|Any CPU
	EndGlobalSection
	GlobalSection(ProjectConfigurationPlatforms) = postSolution
		{AE52C334-3259-4EE2-99A0-859ECE66307F}.Debug|Any CPU.ActiveCfg = Debug|Any CPU
		{AE52C334-3259-4EE2-99A0-859ECE66307F}.Debug|Any CPU.Build.0 = Debug|Any CPU
		{AE52C334-3259-4EE2-99A0-859ECE66307F}.Release|Any CPU.ActiveCfg = Release|Any CPU
		{AE52C334-3259-4EE2-99A0-859ECE66307F}.Release|Any CPU.Build.0 = Release|Any CPU
		{C14C49E7-3D57-F879-AF95-64AB5B0CCA56}.Debug|Any CPU.ActiveCfg = Debug|Any CPU
		{C14C49E7-3D57-F879-AF95-64AB5B0CCA56}.Debug|Any CPU.Build.0 = Debug|Any CPU
		{C14C49E7-3D57-F879-AF95-64AB5B0CCA56}.Release|Any CPU.ActiveCfg = Release|Any CPU
		{C14C49E7-3D57-F879-AF95-64AB5B0CCA56}.Release|Any CPU.Build.0 = Release|Any CPU
		{69903447-5DF6-22E7-90A7-81BEAEF72338}.Debug|Any CPU.ActiveCfg = Debug|Any CPU
		{69903447-5DF6-22E7-90A7-81BEAEF72338}.Debug|Any CPU.Build.0 = Debug|Any CPU
		{69903447-5DF6-22E7-90A7-81BEAEF72338}.Release|Any CPU.ActiveCfg = Release|Any CPU
		{69903447-5DF6-22E7-90A7-81BEAEF72338}.Release|Any CPU.Build.0 = Release|Any CPU
		{2D2DA6F7-46D5-45D5-AA3A-1342D1CBFB83}.Debug|Any CPU.ActiveCfg = Debug|Any CPU
		{2D2DA6F7-46D5-45D5-AA3A-1342D1CBFB83}.Debug|Any CPU.Build.0 = Debug|Any CPU
		{2D2DA6F7-46D5-45D5-AA3A-1342D1CBFB83}.Release|Any CPU.ActiveCfg = Release|Any CPU
		{2D2DA6F7-46D5-45D5-AA3A-1342D1CBFB83}.Release|Any CPU.Build.0 = Release|Any CPU
	EndGlobalSection
	GlobalSection(SolutionProperties) = preSolution
		HideSolutionNode = FALSE
	EndGlobalSection
	GlobalSection(NestedProjects) = preSolution
		{AE52C334-3259-4EE2-99A0-859ECE66307F} = {BFD5D5CB-94EB-49AC-9245-478C6A3C5E49}
		{C14C49E7-3D57-F879-AF95-64AB5B0CCA56} = {BFD5D5CB-94EB-49AC-9245-478C6A3C5E49}
		{69903447-5DF6-22E7-90A7-81BEAEF72338} = {BFD5D5CB-94EB-49AC-9245-478C6A3C5E49}
		{2D2DA6F7-46D5-45D5-AA3A-1342D1CBFB83} = {BFD5D5CB-94EB-49AC-9245-478C6A3C5E49}
	EndGlobalSection
	GlobalSection(ExtensibilityGlobals) = postSolution
		SolutionGuid = {19B190B1-FBA5-4F16-A4DB-C84645286E49}
	EndGlobalSection
EndGlobal
